github.com/centrifugal/gocent/v3 v3.2.0 h1:s+gxnvGWKIOZYGW8SAfGUUShY0r0DuRpnKqhh3h1Ps0=
github.com/centrifugal/gocent/v3 v3.2.0/go.mod h1:8YWDQG3sX0X1g+BaotihbhawPs6zyYGUxUEk8Ng5a2g=
github.com/golang-jwt/jwt v3.2.2+incompatible h1:IfV12K8xAKAnZqdXVzCZ+TOjboZ2keLg81eXfW3O+oY=
github.com/golang-jwt/jwt v3.2.2+incompatible/go.mod h1:8pz2t5EyA70fFQQSrl6XZXzqecmYZeUEB8OUGHkxJ+I=
github.com/google/uuid v1.3.0 h1:t6JiXgmwXMjEs8VusXIJk2BXHsn+wx8BZdTaoZ5fu7I=
github.com/google/uuid v1.3.0/go.mod h1:TIyPZe4MgqvfeYDBFedMoGGpEw/LqOeaOT+nhxU+yHo=
